
Microsoft Visual Studio Solution File, Format Version 12.00
# Visual Studio Version 17
VisualStudioVersion = 17.4.33205.214
MinimumVisualStudioVersion = 10.0.40219.1
Project("{FAE04EC0-301F-11D3-BF4B-00C04F79EFBC}") = "API_Tienda", "API_Tienda\API_Tienda.csproj", "{FFFEC17F-F1A5-48D6-9B28-D7E84B302A52}"
EndProject
Project("{FAE04EC0-301F-11D3-BF4B-00C04F79EFBC}") = "Modelos", "Modelos\Modelos.csproj", "{F7B8E960-8D25-4216-922F-2657B13D2F7D}"
EndProject
Project("{FAE04EC0-301F-11D3-BF4B-00C04F79EFBC}") = "AccesoADatos", "AccesoADatos\AccesoADatos.csproj", "{F7EC2905-5B4D-4DD6-A1B3-1825D56FEC6A}"
EndProject
Global
	GlobalSection(SolutionConfigurationPlatforms) = preSolution
		Debug|Any CPU = Debug|Any CPU
		Release|Any CPU = Release|Any CPU
	EndGlobalSection
	GlobalSection(ProjectConfigurationPlatforms) = postSolution
		{FFFEC17F-F1A5-48D6-9B28-D7E84B302A52}.Debug|Any CPU.ActiveCfg = Debug|Any CPU
		{FFFEC17F-F1A5-48D6-9B28-D7E84B302A52}.Debug|Any CPU.Build.0 = Debug|Any CPU
		{FFFEC17F-F1A5-48D6-9B28-D7E84B302A52}.Release|Any CPU.ActiveCfg = Release|Any CPU
		{FFFEC17F-F1A5-48D6-9B28-D7E84B302A52}.Release|Any CPU.Build.0 = Release|Any CPU
		{F7B8E960-8D25-4216-922F-2657B13D2F7D}.Debug|Any CPU.ActiveCfg = Debug|Any CPU
		{F7B8E960-8D25-4216-922F-2657B13D2F7D}.Debug|Any CPU.Build.0 = Debug|Any CPU
		{F7B8E960-8D25-4216-922F-2657B13D2F7D}.Release|Any CPU.ActiveCfg = Release|Any CPU
		{F7B8E960-8D25-4216-922F-2657B13D2F7D}.Release|Any CPU.Build.0 = Release|Any CPU
		{F7EC2905-5B4D-4DD6-A1B3-1825D56FEC6A}.Debug|Any CPU.ActiveCfg = Debug|Any CPU
		{F7EC2905-5B4D-4DD6-A1B3-1825D56FEC6A}.Debug|Any CPU.Build.0 = Debug|Any CPU
		{F7EC2905-5B4D-4DD6-A1B3-1825D56FEC6A}.Release|Any CPU.ActiveCfg = Release|Any CPU
		{F7EC2905-5B4D-4DD6-A1B3-1825D56FEC6A}.Release|Any CPU.Build.0 = Release|Any CPU
	EndGlobalSection
	GlobalSection(SolutionProperties) = preSolution
		HideSolutionNode = FALSE
	EndGlobalSection
	GlobalSection(ExtensibilityGlobals) = postSolution
		SolutionGuid = {F1A947C8-8406-48D7-99B7-587259DFA5F3}
	EndGlobalSection
EndGlobal
